
Microsoft Visual Studio Solution File, Format Version 12.00
# Visual Studio Version 17
VisualStudioVersion = 17.3.32901.215
MinimumVisualStudioVersion = 10.0.40219.1
Project("{FAE04EC0-301F-11D3-BF4B-00C04F79EFBC}") = "ScoreBoard", "ScoreBoard\ScoreBoard.csproj", "{1D7930BF-8E1B-47FF-A118-C16AE607FEBB}"
EndProject
Global
	GlobalSection(SolutionConfigurationPlatforms) = preSolution
		Debug|Any CPU = Debug|Any CPU
		Release|Any CPU = Release|Any CPU
	EndGlobalSection
	GlobalSection(ProjectConfigurationPlatforms) = postSolution
		{1D7930BF-8E1B-47FF-A118-C16AE607FEBB}.Debug|Any CPU.ActiveCfg = Debug|Any CPU
		{1D7930BF-8E1B-47FF-A118-C16AE607FEBB}.Debug|Any CPU.Build.0 = Debug|Any CPU
		{1D7930BF-8E1B-47FF-A118-C16AE607FEBB}.Release|Any CPU.ActiveCfg = Release|Any CPU
		{1D7930BF-8E1B-47FF-A118-C16AE607FEBB}.Release|Any CPU.Build.0 = Release|Any CPU
	EndGlobalSection
	GlobalSection(SolutionProperties) = preSolution
		HideSolutionNode = FALSE
	EndGlobalSection
	GlobalSection(ExtensibilityGlobals) = postSolution
		SolutionGuid = {EAF0D15D-9953-4552-B64D-D4C9F3C143AC}
	EndGlobalSection
EndGlobal
